{
  "name": "projektwahl-lit",
  "version": "0.0.1",
  "lockfileVersion": 2,
  "requires": true,
  "packages": {
    "": {
      "name": "projektwahl-lit",
      "version": "0.0.1",
      "license": "AGPL-3.0-or-later",
      "dependencies": {
        "@lit-labs/motion": "^1.0.1",
        "lit": "^2.0.2",
        "postgres": "beta",
        "zod": "^3.11.6"
      },
      "devDependencies": {
        "@types/node": "^16.11.6"
      }
    },
    "node_modules/@lit-labs/motion": {
      "version": "1.0.1",
      "license": "BSD-3-Clause",
      "dependencies": {
        "lit": "^2.0.0"
      }
    },
    "node_modules/@lit/reactive-element": {
      "version": "1.0.1",
      "license": "BSD-3-Clause"
    },
    "node_modules/@types/node": {
      "version": "16.11.6",
      "resolved": "https://registry.npmjs.org/@types/node/-/node-16.11.6.tgz",
      "integrity": "sha512-ua7PgUoeQFjmWPcoo9khiPum3Pd60k4/2ZGXt18sm2Slk0W0xZTqt5Y0Ny1NyBiN1EVQ/+FaF9NcY4Qe6rwk5w==",
      "dev": true
    },
    "node_modules/@types/trusted-types": {
      "version": "2.0.2",
      "license": "MIT"
    },
    "node_modules/lit": {
      "version": "2.0.2",
      "license": "BSD-3-Clause",
      "dependencies": {
        "@lit/reactive-element": "^1.0.0",
        "lit-element": "^3.0.0",
        "lit-html": "^2.0.0"
      }
    },
    "node_modules/lit-element": {
      "version": "3.0.1",
      "license": "BSD-3-Clause",
      "dependencies": {
        "@lit/reactive-element": "^1.0.0",
        "lit-html": "^2.0.0"
      }
    },
    "node_modules/lit-html": {
      "version": "2.0.1",
      "license": "BSD-3-Clause",
      "dependencies": {
        "@types/trusted-types": "^2.0.2"
      }
    },
    "node_modules/postgres": {
      "version": "2.0.0-beta.10",
      "resolved": "https://registry.npmjs.org/postgres/-/postgres-2.0.0-beta.10.tgz",
      "integrity": "sha512-d8R0goa6k0NAna9QZ4vVV6ziAHqtCyI9/nSPI1OQXiB7wH+xQ8SftHsBHvDYYPqTICAAgr72oo3siU50E6Xybw=="
    },
    "node_modules/zod": {
      "version": "3.11.6",
      "license": "MIT",
      "funding": {
        "url": "https://github.com/sponsors/colinhacks"
      }
    }
  },
  "dependencies": {
    "@lit-labs/motion": {
      "version": "1.0.1",
      "requires": {
        "lit": "^2.0.0"
      }
    },
    "@lit/reactive-element": {
      "version": "1.0.1"
    },
    "@types/node": {
      "version": "16.11.6",
      "resolved": "https://registry.npmjs.org/@types/node/-/node-16.11.6.tgz",
      "integrity": "sha512-ua7PgUoeQFjmWPcoo9khiPum3Pd60k4/2ZGXt18sm2Slk0W0xZTqt5Y0Ny1NyBiN1EVQ/+FaF9NcY4Qe6rwk5w==",
      "dev": true
    },
    "@types/trusted-types": {
      "version": "2.0.2"
    },
    "lit": {
      "version": "2.0.2",
      "requires": {
        "@lit/reactive-element": "^1.0.0",
        "lit-element": "^3.0.0",
        "lit-html": "^2.0.0"
      }
    },
    "lit-element": {
      "version": "3.0.1",
      "requires": {
        "@lit/reactive-element": "^1.0.0",
        "lit-html": "^2.0.0"
      }
    },
    "lit-html": {
      "version": "2.0.1",
      "requires": {
        "@types/trusted-types": "^2.0.2"
      }
    },
    "postgres": {
      "version": "2.0.0-beta.10",
      "resolved": "https://registry.npmjs.org/postgres/-/postgres-2.0.0-beta.10.tgz",
      "integrity": "sha512-d8R0goa6k0NAna9QZ4vVV6ziAHqtCyI9/nSPI1OQXiB7wH+xQ8SftHsBHvDYYPqTICAAgr72oo3siU50E6Xybw=="
    },
    "zod": {
      "version": "3.11.6"
    }
  }
}
