{
  "name": "projektwahl-lit",
  "version": "0.0.1",
  "lockfileVersion": 2,
  "requires": true,
  "packages": {
    "": {
      "name": "projektwahl-lit",
      "version": "0.0.1",
      "license": "AGPL-3.0-or-later",
      "dependencies": {
        "@lit-labs/motion": "^1.0.1",
        "@lit-labs/task": "^1.0.0",
        "hot-esm": "github:vinsonchuong/hot-esm#456dc02e6bfcc5e403f93c3a77ce10e3125fc305",
        "lit": "^2.0.2",
        "postgres": "beta",
        "typescript": "^4.5.1-rc",
        "zod": "^3.11.6"
      },
      "devDependencies": {
        "@types/node": "^16.11.7"
      }
    },
    "node_modules/@lit-labs/motion": {
      "version": "1.0.1",
      "license": "BSD-3-Clause",
      "dependencies": {
        "lit": "^2.0.0"
      }
    },
    "node_modules/@lit-labs/task": {
      "version": "1.0.0",
      "resolved": "https://registry.npmjs.org/@lit-labs/task/-/task-1.0.0.tgz",
      "integrity": "sha512-wBXYARZK5+2SW6hO+ejGYdL/mFUB83QV4Xnmw2117D/ECCxs7bf0ZV/26o1NORN83VLwDfkhZCpILRuQR+/DMA==",
      "dependencies": {
        "@lit/reactive-element": "^1.0.0"
      }
    },
    "node_modules/@lit/reactive-element": {
      "version": "1.0.1",
      "license": "BSD-3-Clause"
    },
    "node_modules/@types/node": {
      "version": "16.11.7",
      "resolved": "https://registry.npmjs.org/@types/node/-/node-16.11.7.tgz",
      "integrity": "sha512-QB5D2sqfSjCmTuWcBWyJ+/44bcjO7VbjSbOE0ucoVbAsSNQc4Lt6QkgkVXkTDwkL4z/beecZNDvVX15D4P8Jbw==",
      "dev": true
    },
    "node_modules/@types/trusted-types": {
      "version": "2.0.2",
      "license": "MIT"
    },
    "node_modules/anymatch": {
      "version": "3.1.2",
      "license": "ISC",
      "dependencies": {
        "normalize-path": "^3.0.0",
        "picomatch": "^2.0.4"
      },
      "engines": {
        "node": ">= 8"
      }
    },
    "node_modules/binary-extensions": {
      "version": "2.2.0",
      "license": "MIT",
      "engines": {
        "node": ">=8"
      }
    },
    "node_modules/braces": {
      "version": "3.0.2",
      "license": "MIT",
      "dependencies": {
        "fill-range": "^7.0.1"
      },
      "engines": {
        "node": ">=8"
      }
    },
    "node_modules/chokidar": {
      "version": "3.5.2",
      "license": "MIT",
      "dependencies": {
        "anymatch": "~3.1.2",
        "braces": "~3.0.2",
        "glob-parent": "~5.1.2",
        "is-binary-path": "~2.1.0",
        "is-glob": "~4.0.1",
        "normalize-path": "~3.0.0",
        "readdirp": "~3.6.0"
      },
      "engines": {
        "node": ">= 8.10.0"
      },
      "optionalDependencies": {
        "fsevents": "~2.3.2"
      }
    },
    "node_modules/fill-range": {
      "version": "7.0.1",
      "license": "MIT",
      "dependencies": {
        "to-regex-range": "^5.0.1"
      },
      "engines": {
        "node": ">=8"
      }
    },
    "node_modules/glob-parent": {
      "version": "5.1.2",
      "license": "ISC",
      "dependencies": {
        "is-glob": "^4.0.1"
      },
      "engines": {
        "node": ">= 6"
      }
    },
    "node_modules/hot-esm": {
      "version": "1.1.0",
      "resolved": "git+ssh://git@github.com/vinsonchuong/hot-esm.git#456dc02e6bfcc5e403f93c3a77ce10e3125fc305",
      "integrity": "sha512-BX4Yt9Pq1CY41mpS3JXNRvCPClxr1DCFBIkTPRpZKCcSVnMOzrFS1Inl7mHtmx8SWvOmWhQDsMtTgp91I73Hmg==",
      "license": "MIT",
      "dependencies": {
        "chokidar": "^3.5.2"
      },
      "bin": {
        "hot": "hot"
      }
    },
    "node_modules/is-binary-path": {
      "version": "2.1.0",
      "license": "MIT",
      "dependencies": {
        "binary-extensions": "^2.0.0"
      },
      "engines": {
        "node": ">=8"
      }
    },
    "node_modules/is-extglob": {
      "version": "2.1.1",
      "license": "MIT",
      "engines": {
        "node": ">=0.10.0"
      }
    },
    "node_modules/is-glob": {
      "version": "4.0.3",
      "license": "MIT",
      "dependencies": {
        "is-extglob": "^2.1.1"
      },
      "engines": {
        "node": ">=0.10.0"
      }
    },
    "node_modules/is-number": {
      "version": "7.0.0",
      "license": "MIT",
      "engines": {
        "node": ">=0.12.0"
      }
    },
    "node_modules/lit": {
      "version": "2.0.2",
      "license": "BSD-3-Clause",
      "dependencies": {
        "@lit/reactive-element": "^1.0.0",
        "lit-element": "^3.0.0",
        "lit-html": "^2.0.0"
      }
    },
    "node_modules/lit-element": {
      "version": "3.0.1",
      "license": "BSD-3-Clause",
      "dependencies": {
        "@lit/reactive-element": "^1.0.0",
        "lit-html": "^2.0.0"
      }
    },
    "node_modules/lit-html": {
      "version": "2.0.1",
      "license": "BSD-3-Clause",
      "dependencies": {
        "@types/trusted-types": "^2.0.2"
      }
    },
    "node_modules/normalize-path": {
      "version": "3.0.0",
      "license": "MIT",
      "engines": {
        "node": ">=0.10.0"
      }
    },
    "node_modules/picomatch": {
      "version": "2.3.0",
      "license": "MIT",
      "engines": {
        "node": ">=8.6"
      },
      "funding": {
        "url": "https://github.com/sponsors/jonschlinkert"
      }
    },
    "node_modules/postgres": {
      "version": "2.0.0-beta.10",
      "resolved": "https://registry.npmjs.org/postgres/-/postgres-2.0.0-beta.10.tgz",
      "integrity": "sha512-d8R0goa6k0NAna9QZ4vVV6ziAHqtCyI9/nSPI1OQXiB7wH+xQ8SftHsBHvDYYPqTICAAgr72oo3siU50E6Xybw=="
    },
    "node_modules/readdirp": {
      "version": "3.6.0",
      "license": "MIT",
      "dependencies": {
        "picomatch": "^2.2.1"
      },
      "engines": {
        "node": ">=8.10.0"
      }
    },
    "node_modules/to-regex-range": {
      "version": "5.0.1",
      "license": "MIT",
      "dependencies": {
        "is-number": "^7.0.0"
      },
      "engines": {
        "node": ">=8.0"
      }
    },
    "node_modules/typescript": {
      "version": "4.5.1-rc",
      "license": "Apache-2.0",
      "bin": {
        "tsc": "bin/tsc",
        "tsserver": "bin/tsserver"
      },
      "engines": {
        "node": ">=4.2.0"
      }
    },
    "node_modules/zod": {
      "version": "3.11.6",
      "license": "MIT",
      "funding": {
        "url": "https://github.com/sponsors/colinhacks"
      }
    }
  },
  "dependencies": {
    "@lit-labs/motion": {
      "version": "1.0.1",
      "requires": {
        "lit": "^2.0.0"
      }
    },
    "@lit-labs/task": {
      "version": "1.0.0",
      "resolved": "https://registry.npmjs.org/@lit-labs/task/-/task-1.0.0.tgz",
      "integrity": "sha512-wBXYARZK5+2SW6hO+ejGYdL/mFUB83QV4Xnmw2117D/ECCxs7bf0ZV/26o1NORN83VLwDfkhZCpILRuQR+/DMA==",
      "requires": {
        "@lit/reactive-element": "^1.0.0"
      }
    },
    "@lit/reactive-element": {
      "version": "1.0.1"
    },
    "@types/node": {
      "version": "16.11.7",
      "resolved": "https://registry.npmjs.org/@types/node/-/node-16.11.7.tgz",
      "integrity": "sha512-QB5D2sqfSjCmTuWcBWyJ+/44bcjO7VbjSbOE0ucoVbAsSNQc4Lt6QkgkVXkTDwkL4z/beecZNDvVX15D4P8Jbw==",
      "dev": true
    },
    "@types/trusted-types": {
      "version": "2.0.2"
    },
    "anymatch": {
      "version": "3.1.2",
      "requires": {
        "normalize-path": "^3.0.0",
        "picomatch": "^2.0.4"
      }
    },
    "binary-extensions": {
      "version": "2.2.0"
    },
    "braces": {
      "version": "3.0.2",
      "requires": {
        "fill-range": "^7.0.1"
      }
    },
    "chokidar": {
      "version": "3.5.2",
      "requires": {
        "anymatch": "~3.1.2",
        "braces": "~3.0.2",
        "fsevents": "~2.3.2",
        "glob-parent": "~5.1.2",
        "is-binary-path": "~2.1.0",
        "is-glob": "~4.0.1",
        "normalize-path": "~3.0.0",
        "readdirp": "~3.6.0"
      }
    },
    "fill-range": {
      "version": "7.0.1",
      "requires": {
        "to-regex-range": "^5.0.1"
      }
    },
    "glob-parent": {
      "version": "5.1.2",
      "requires": {
        "is-glob": "^4.0.1"
      }
    },
    "hot-esm": {
      "version": "git+ssh://git@github.com/vinsonchuong/hot-esm.git#456dc02e6bfcc5e403f93c3a77ce10e3125fc305",
      "integrity": "sha512-BX4Yt9Pq1CY41mpS3JXNRvCPClxr1DCFBIkTPRpZKCcSVnMOzrFS1Inl7mHtmx8SWvOmWhQDsMtTgp91I73Hmg==",
      "from": "hot-esm@github:vinsonchuong/hot-esm#456dc02e6bfcc5e403f93c3a77ce10e3125fc305",
      "requires": {
        "chokidar": "^3.5.2"
      }
    },
    "is-binary-path": {
      "version": "2.1.0",
      "requires": {
        "binary-extensions": "^2.0.0"
      }
    },
    "is-extglob": {
      "version": "2.1.1"
    },
    "is-glob": {
      "version": "4.0.3",
      "requires": {
        "is-extglob": "^2.1.1"
      }
    },
    "is-number": {
      "version": "7.0.0"
    },
    "lit": {
      "version": "2.0.2",
      "requires": {
        "@lit/reactive-element": "^1.0.0",
        "lit-element": "^3.0.0",
        "lit-html": "^2.0.0"
      }
    },
    "lit-element": {
      "version": "3.0.1",
      "requires": {
        "@lit/reactive-element": "^1.0.0",
        "lit-html": "^2.0.0"
      }
    },
    "lit-html": {
      "version": "2.0.1",
      "requires": {
        "@types/trusted-types": "^2.0.2"
      }
    },
    "normalize-path": {
      "version": "3.0.0"
    },
    "picomatch": {
      "version": "2.3.0"
    },
    "postgres": {
      "version": "2.0.0-beta.10",
      "resolved": "https://registry.npmjs.org/postgres/-/postgres-2.0.0-beta.10.tgz",
      "integrity": "sha512-d8R0goa6k0NAna9QZ4vVV6ziAHqtCyI9/nSPI1OQXiB7wH+xQ8SftHsBHvDYYPqTICAAgr72oo3siU50E6Xybw=="
    },
    "readdirp": {
      "version": "3.6.0",
      "requires": {
        "picomatch": "^2.2.1"
      }
    },
    "to-regex-range": {
      "version": "5.0.1",
      "requires": {
        "is-number": "^7.0.0"
      }
    },
    "typescript": {
      "version": "4.5.1-rc"
    },
    "zod": {
      "version": "3.11.6"
    }
  }
}
