# This file is generated by running "yarn install" inside your project.
# Manual changes might be lost - proceed with caution!

__metadata:
  version: 5
  cacheKey: 8

"@lit-labs/motion@npm:^1.0.1":
  version: 1.0.1
  resolution: "@lit-labs/motion@npm:1.0.1"
  dependencies:
    lit: ^2.0.0
  checksum: 0dd6443e40c32d181be6c4c398c15bcef2309055d95aeddf9aa2915654ca9a63f6fbd72806f7ba1177de5f6fc49aee1fca2ba665f11c56c0287ebdaab959bb5d
  languageName: node
  linkType: hard

"@lit/reactive-element@npm:^1.0.0":
  version: 1.0.1
  resolution: "@lit/reactive-element@npm:1.0.1"
  checksum: 82f8eb195acb766413fa37dafab8dc853547e5fbb901318d9911b3f9410a15ceea37c9a4b0954ab37710e91140af243148af9f72ec3bd14fe71e1d03faaaad7a
  languageName: node
  linkType: hard

"@types/trusted-types@npm:^2.0.2":
  version: 2.0.2
  resolution: "@types/trusted-types@npm:2.0.2"
  checksum: 3371eef5f1c50e1c3c07a127c1207b262ba65b83dd167a1c460fc1b135a3fb0c97b9f508efebd383f239cc5dd5b7169093686a692a501fde9c3f7208657d9b0d
  languageName: node
  linkType: hard

"lit-element@npm:^3.0.0":
  version: 3.0.1
  resolution: "lit-element@npm:3.0.1"
  dependencies:
    "@lit/reactive-element": ^1.0.0
    lit-html: ^2.0.0
  checksum: 3735cd1b96efb44f1ecdcb07406604d7c6feeab07f81cfc904a0f9ab806fab1211e8bf68827513b12e12e61448e3cd6508664d433abd3f0c5c4408b0a6b2d7a6
  languageName: node
  linkType: hard

"lit-html@npm:^2.0.0":
  version: 2.0.1
  resolution: "lit-html@npm:2.0.1"
  dependencies:
    "@types/trusted-types": ^2.0.2
  checksum: 7ee9e909ec59009539d5b2d7bd07ceb6e182ed5c6535f36da5265dd2f5dc39f9e5f445e8272953a26948ff5724cf110836c792c439883527a2a3b46ecdbbb395
  languageName: node
  linkType: hard

"lit@npm:^2.0.0, lit@npm:^2.0.2":
  version: 2.0.2
  resolution: "lit@npm:2.0.2"
  dependencies:
    "@lit/reactive-element": ^1.0.0
    lit-element: ^3.0.0
    lit-html: ^2.0.0
  checksum: 52a04b25164da1683c7295b305087794f175165cd1561e03f0c50ae998823f0e26101c82add05dea773e35472fbe3ed84486a4685294897f588d126fe8419e05
  languageName: node
  linkType: hard

"postgres@npm:beta":
  version: 2.0.0-beta.10
  resolution: "postgres@npm:2.0.0-beta.10"
  checksum: ba243424ce2c7404ac02fbdc4d6e3656fb06913ae8aae9f6b06bc85c15244aa71676f4b16135e6cd5bf372cdcec39a43d576c9d1dc6d74f063624cca49b03980
  languageName: node
  linkType: hard

"projektwahl-lit-client@workspace:packages/client":
  version: 0.0.0-use.local
  resolution: "projektwahl-lit-client@workspace:packages/client"
  dependencies:
    "@lit-labs/motion": ^1.0.1
    lit: ^2.0.2
    projektwahl-lit-lib: "workspace:^"
    zod: ^3.11.6
  languageName: unknown
  linkType: soft

"projektwahl-lit-lib@workspace:^, projektwahl-lit-lib@workspace:packages/lib":
  version: 0.0.0-use.local
  resolution: "projektwahl-lit-lib@workspace:packages/lib"
  dependencies:
    "@lit-labs/motion": ^1.0.1
    lit: ^2.0.2
    zod: ^3.11.6
  languageName: unknown
  linkType: soft

"projektwahl-lit-server@workspace:packages/server":
  version: 0.0.0-use.local
  resolution: "projektwahl-lit-server@workspace:packages/server"
  dependencies:
    postgres: beta
    projektwahl-lit-lib: "workspace:^"
    zod: ^3.11.6
  languageName: unknown
  linkType: soft

"projektwahl-lit@workspace:.":
  version: 0.0.0-use.local
  resolution: "projektwahl-lit@workspace:."
  dependenciesMeta:
    argon2:
      built: true
  languageName: unknown
  linkType: soft

"zod@npm:^3.11.6":
  version: 3.11.6
  resolution: "zod@npm:3.11.6"
  checksum: 044ac416450f179a0c88240f27849d2886c777cebade42df10e5f04125b0265cec82d9bd741a7dcb11796b2ea88b32c86be7d36932a4bed6af57002560359db1
  languageName: node
  linkType: hard
